// !$*UTF8*$!
{
	archiveVersion = 1;
	classes = {
	};
	objectVersion = 50;
	objects = {

/* Begin PBXBuildFile section */
		8C09C72F251492C400491697 /* UserDefaultsManager.swift in Sources */ = {isa = PBXBuildFile; fileRef = 8C09C72E251492C400491697 /* UserDefaultsManager.swift */; };
		8C3634EC25108C9D00D4BF82 /* BooksResult.swift in Sources */ = {isa = PBXBuildFile; fileRef = 8C3634EB25108C9D00D4BF82 /* BooksResult.swift */; };
		8C3634EE25108EC700D4BF82 /* Common.swift in Sources */ = {isa = PBXBuildFile; fileRef = 8C3634ED25108EC700D4BF82 /* Common.swift */; };
		8C3634F025109BB000D4BF82 /* CDBook.swift in Sources */ = {isa = PBXBuildFile; fileRef = 8C3634EF25109BB000D4BF82 /* CDBook.swift */; };
		8CD2479C24FA28DE008ABCE5 /* SzentirasApp.swift in Sources */ = {isa = PBXBuildFile; fileRef = 8CD2479B24FA28DE008ABCE5 /* SzentirasApp.swift */; };
		8CD2479E24FA28DE008ABCE5 /* ContentView.swift in Sources */ = {isa = PBXBuildFile; fileRef = 8CD2479D24FA28DE008ABCE5 /* ContentView.swift */; };
		8CD247A024FA28E0008ABCE5 /* Assets.xcassets in Resources */ = {isa = PBXBuildFile; fileRef = 8CD2479F24FA28E0008ABCE5 /* Assets.xcassets */; };
		8CD247A324FA28E0008ABCE5 /* Preview Assets.xcassets in Resources */ = {isa = PBXBuildFile; fileRef = 8CD247A224FA28E0008ABCE5 /* Preview Assets.xcassets */; };
		8CD247A524FA28E0008ABCE5 /* Persistence.swift in Sources */ = {isa = PBXBuildFile; fileRef = 8CD247A424FA28E0008ABCE5 /* Persistence.swift */; };
		8CD247A824FA28E0008ABCE5 /* Szentiras.xcdatamodeld in Sources */ = {isa = PBXBuildFile; fileRef = 8CD247A624FA28E0008ABCE5 /* Szentiras.xcdatamodeld */; };
		8CD247B324FA28E0008ABCE5 /* SzentirasTests.swift in Sources */ = {isa = PBXBuildFile; fileRef = 8CD247B224FA28E0008ABCE5 /* SzentirasTests.swift */; };
		8CD247BE24FA28E1008ABCE5 /* SzentirasUITests.swift in Sources */ = {isa = PBXBuildFile; fileRef = 8CD247BD24FA28E1008ABCE5 /* SzentirasUITests.swift */; };
		8CD247CC24FA2A09008ABCE5 /* MainView.swift in Sources */ = {isa = PBXBuildFile; fileRef = 8CD247CB24FA2A09008ABCE5 /* MainView.swift */; };
		8CD247CF24FA2A4C008ABCE5 /* BookView.swift in Sources */ = {isa = PBXBuildFile; fileRef = 8CD247CE24FA2A4C008ABCE5 /* BookView.swift */; };
		8CD247D224FA2A7B008ABCE5 /* AppTabView.swift in Sources */ = {isa = PBXBuildFile; fileRef = 8CD247D124FA2A7B008ABCE5 /* AppTabView.swift */; };
		8CD247D524FA2AFF008ABCE5 /* ReadingView.swift in Sources */ = {isa = PBXBuildFile; fileRef = 8CD247D424FA2AFF008ABCE5 /* ReadingView.swift */; };
		8CD247D824FA2B65008ABCE5 /* Biblia.swift in Sources */ = {isa = PBXBuildFile; fileRef = 8CD247D724FA2B65008ABCE5 /* Biblia.swift */; };
		8CD247DB24FA2B84008ABCE5 /* Constants.swift in Sources */ = {isa = PBXBuildFile; fileRef = 8CD247DA24FA2B84008ABCE5 /* Constants.swift */; };
		8CD247DE24FA2B9B008ABCE5 /* Color+Extension.swift in Sources */ = {isa = PBXBuildFile; fileRef = 8CD247DD24FA2B9B008ABCE5 /* Color+Extension.swift */; };
		8CD247E524FA2DD0008ABCE5 /* FiraSans-Bold.ttf in Resources */ = {isa = PBXBuildFile; fileRef = 8CD247E124FA2DD0008ABCE5 /* FiraSans-Bold.ttf */; };
		8CD247E624FA2DD0008ABCE5 /* FiraSans-Medium.ttf in Resources */ = {isa = PBXBuildFile; fileRef = 8CD247E224FA2DD0008ABCE5 /* FiraSans-Medium.ttf */; };
		8CD247E724FA2DD0008ABCE5 /* FiraSans-Light.ttf in Resources */ = {isa = PBXBuildFile; fileRef = 8CD247E324FA2DD0008ABCE5 /* FiraSans-Light.ttf */; };
		8CD247E824FA2DD0008ABCE5 /* FiraSans-Regular.ttf in Resources */ = {isa = PBXBuildFile; fileRef = 8CD247E424FA2DD0008ABCE5 /* FiraSans-Regular.ttf */; };
		8CD247EA24FA2E14008ABCE5 /* Font+Extension.swift in Sources */ = {isa = PBXBuildFile; fileRef = 8CD247E924FA2E14008ABCE5 /* Font+Extension.swift */; };
		8CD247ED24FA2E84008ABCE5 /* BibliaStore.swift in Sources */ = {isa = PBXBuildFile; fileRef = 8CD247EC24FA2E84008ABCE5 /* BibliaStore.swift */; };
		8CD247EF24FA357F008ABCE5 /* IconButton.swift in Sources */ = {isa = PBXBuildFile; fileRef = 8CD247EE24FA357F008ABCE5 /* IconButton.swift */; };
		8CD247F124FA3AAE008ABCE5 /* MockData.swift in Sources */ = {isa = PBXBuildFile; fileRef = 8CD247F024FA3AAD008ABCE5 /* MockData.swift */; };
		8CD247F324FA3AD5008ABCE5 /* Result.swift in Sources */ = {isa = PBXBuildFile; fileRef = 8CD247F224FA3AD5008ABCE5 /* Result.swift */; };
		8CD247F524FA3AE7008ABCE5 /* ChapterView.swift in Sources */ = {isa = PBXBuildFile; fileRef = 8CD247F424FA3AE7008ABCE5 /* ChapterView.swift */; };
		8CD247F724FA403E008ABCE5 /* ReadingViewModel.swift in Sources */ = {isa = PBXBuildFile; fileRef = 8CD247F624FA403E008ABCE5 /* ReadingViewModel.swift */; };
		8CD247FA24FA6AC6008ABCE5 /* NetworkLayer.swift in Sources */ = {isa = PBXBuildFile; fileRef = 8CD247F924FA6AC5008ABCE5 /* NetworkLayer.swift */; };
		8CD247FE24FAB96E008ABCE5 /* BookChapterView.swift in Sources */ = {isa = PBXBuildFile; fileRef = 8CD247FD24FAB96E008ABCE5 /* BookChapterView.swift */; };
		8CD2480024FAE782008ABCE5 /* String+Extension.swift in Sources */ = {isa = PBXBuildFile; fileRef = 8CD247FF24FAE781008ABCE5 /* String+Extension.swift */; };
		8CD2480224FBEB41008ABCE5 /* ActionSheet+Extension.swift in Sources */ = {isa = PBXBuildFile; fileRef = 8CD2480124FBEB41008ABCE5 /* ActionSheet+Extension.swift */; };
		8CD2480424FBEBE9008ABCE5 /* Header.swift in Sources */ = {isa = PBXBuildFile; fileRef = 8CD2480324FBEBE9008ABCE5 /* Header.swift */; };
		8CE164D32511DDE600EE0DE6 /* CDVers.swift in Sources */ = {isa = PBXBuildFile; fileRef = 8CE164D22511DDE600EE0DE6 /* CDVers.swift */; };
/* End PBXBuildFile section */

/* Begin PBXContainerItemProxy section */
		8CD247AF24FA28E0008ABCE5 /* PBXContainerItemProxy */ = {
			isa = PBXContainerItemProxy;
			containerPortal = 8CD2479024FA28DE008ABCE5 /* Project object */;
			proxyType = 1;
			remoteGlobalIDString = 8CD2479724FA28DE008ABCE5;
			remoteInfo = Szentiras;
		};
		8CD247BA24FA28E1008ABCE5 /* PBXContainerItemProxy */ = {
			isa = PBXContainerItemProxy;
			containerPortal = 8CD2479024FA28DE008ABCE5 /* Project object */;
			proxyType = 1;
			remoteGlobalIDString = 8CD2479724FA28DE008ABCE5;
			remoteInfo = Szentiras;
		};
/* End PBXContainerItemProxy section */

/* Begin PBXFileReference section */
		8C09C72E251492C400491697 /* UserDefaultsManager.swift */ = {isa = PBXFileReference; lastKnownFileType = sourcecode.swift; path = UserDefaultsManager.swift; sourceTree = "<group>"; };
		8C3634EB25108C9D00D4BF82 /* BooksResult.swift */ = {isa = PBXFileReference; fileEncoding = 4; lastKnownFileType = sourcecode.swift; path = BooksResult.swift; sourceTree = "<group>"; };
		8C3634ED25108EC700D4BF82 /* Common.swift */ = {isa = PBXFileReference; lastKnownFileType = sourcecode.swift; path = Common.swift; sourceTree = "<group>"; };
		8C3634EF25109BB000D4BF82 /* CDBook.swift */ = {isa = PBXFileReference; lastKnownFileType = sourcecode.swift; path = CDBook.swift; sourceTree = "<group>"; };
		8CD2479824FA28DE008ABCE5 /* Szentiras.app */ = {isa = PBXFileReference; explicitFileType = wrapper.application; includeInIndex = 0; path = Szentiras.app; sourceTree = BUILT_PRODUCTS_DIR; };
		8CD2479B24FA28DE008ABCE5 /* SzentirasApp.swift */ = {isa = PBXFileReference; lastKnownFileType = sourcecode.swift; path = SzentirasApp.swift; sourceTree = "<group>"; };
		8CD2479D24FA28DE008ABCE5 /* ContentView.swift */ = {isa = PBXFileReference; lastKnownFileType = sourcecode.swift; path = ContentView.swift; sourceTree = "<group>"; };
		8CD2479F24FA28E0008ABCE5 /* Assets.xcassets */ = {isa = PBXFileReference; lastKnownFileType = folder.assetcatalog; path = Assets.xcassets; sourceTree = "<group>"; };
		8CD247A224FA28E0008ABCE5 /* Preview Assets.xcassets */ = {isa = PBXFileReference; lastKnownFileType = folder.assetcatalog; path = "Preview Assets.xcassets"; sourceTree = "<group>"; };
		8CD247A424FA28E0008ABCE5 /* Persistence.swift */ = {isa = PBXFileReference; lastKnownFileType = sourcecode.swift; path = Persistence.swift; sourceTree = "<group>"; };
		8CD247A724FA28E0008ABCE5 /* Szentiras.xcdatamodel */ = {isa = PBXFileReference; lastKnownFileType = wrapper.xcdatamodel; path = Szentiras.xcdatamodel; sourceTree = "<group>"; };
		8CD247A924FA28E0008ABCE5 /* Info.plist */ = {isa = PBXFileReference; lastKnownFileType = text.plist.xml; path = Info.plist; sourceTree = "<group>"; };
		8CD247AE24FA28E0008ABCE5 /* SzentirasTests.xctest */ = {isa = PBXFileReference; explicitFileType = wrapper.cfbundle; includeInIndex = 0; path = SzentirasTests.xctest; sourceTree = BUILT_PRODUCTS_DIR; };
		8CD247B224FA28E0008ABCE5 /* SzentirasTests.swift */ = {isa = PBXFileReference; lastKnownFileType = sourcecode.swift; path = SzentirasTests.swift; sourceTree = "<group>"; };
		8CD247B424FA28E0008ABCE5 /* Info.plist */ = {isa = PBXFileReference; lastKnownFileType = text.plist.xml; path = Info.plist; sourceTree = "<group>"; };
		8CD247B924FA28E0008ABCE5 /* SzentirasUITests.xctest */ = {isa = PBXFileReference; explicitFileType = wrapper.cfbundle; includeInIndex = 0; path = SzentirasUITests.xctest; sourceTree = BUILT_PRODUCTS_DIR; };
		8CD247BD24FA28E1008ABCE5 /* SzentirasUITests.swift */ = {isa = PBXFileReference; lastKnownFileType = sourcecode.swift; path = SzentirasUITests.swift; sourceTree = "<group>"; };
		8CD247BF24FA28E1008ABCE5 /* Info.plist */ = {isa = PBXFileReference; lastKnownFileType = text.plist.xml; path = Info.plist; sourceTree = "<group>"; };
		8CD247CB24FA2A09008ABCE5 /* MainView.swift */ = {isa = PBXFileReference; lastKnownFileType = sourcecode.swift; path = MainView.swift; sourceTree = "<group>"; };
		8CD247CE24FA2A4C008ABCE5 /* BookView.swift */ = {isa = PBXFileReference; lastKnownFileType = sourcecode.swift; path = BookView.swift; sourceTree = "<group>"; };
		8CD247D124FA2A7B008ABCE5 /* AppTabView.swift */ = {isa = PBXFileReference; lastKnownFileType = sourcecode.swift; path = AppTabView.swift; sourceTree = "<group>"; };
		8CD247D424FA2AFF008ABCE5 /* ReadingView.swift */ = {isa = PBXFileReference; lastKnownFileType = sourcecode.swift; path = ReadingView.swift; sourceTree = "<group>"; };
		8CD247D724FA2B65008ABCE5 /* Biblia.swift */ = {isa = PBXFileReference; fileEncoding = 4; lastKnownFileType = sourcecode.swift; path = Biblia.swift; sourceTree = "<group>"; };
		8CD247DA24FA2B84008ABCE5 /* Constants.swift */ = {isa = PBXFileReference; fileEncoding = 4; lastKnownFileType = sourcecode.swift; path = Constants.swift; sourceTree = "<group>"; };
		8CD247DD24FA2B9B008ABCE5 /* Color+Extension.swift */ = {isa = PBXFileReference; fileEncoding = 4; lastKnownFileType = sourcecode.swift; path = "Color+Extension.swift"; sourceTree = "<group>"; };
		8CD247E124FA2DD0008ABCE5 /* FiraSans-Bold.ttf */ = {isa = PBXFileReference; lastKnownFileType = file; path = "FiraSans-Bold.ttf"; sourceTree = "<group>"; };
		8CD247E224FA2DD0008ABCE5 /* FiraSans-Medium.ttf */ = {isa = PBXFileReference; lastKnownFileType = file; path = "FiraSans-Medium.ttf"; sourceTree = "<group>"; };
		8CD247E324FA2DD0008ABCE5 /* FiraSans-Light.ttf */ = {isa = PBXFileReference; lastKnownFileType = file; path = "FiraSans-Light.ttf"; sourceTree = "<group>"; };
		8CD247E424FA2DD0008ABCE5 /* FiraSans-Regular.ttf */ = {isa = PBXFileReference; lastKnownFileType = file; path = "FiraSans-Regular.ttf"; sourceTree = "<group>"; };
		8CD247E924FA2E14008ABCE5 /* Font+Extension.swift */ = {isa = PBXFileReference; fileEncoding = 4; lastKnownFileType = sourcecode.swift; path = "Font+Extension.swift"; sourceTree = "<group>"; };
		8CD247EC24FA2E84008ABCE5 /* BibliaStore.swift */ = {isa = PBXFileReference; lastKnownFileType = sourcecode.swift; path = BibliaStore.swift; sourceTree = "<group>"; };
		8CD247EE24FA357F008ABCE5 /* IconButton.swift */ = {isa = PBXFileReference; lastKnownFileType = sourcecode.swift; path = IconButton.swift; sourceTree = "<group>"; };
		8CD247F024FA3AAD008ABCE5 /* MockData.swift */ = {isa = PBXFileReference; fileEncoding = 4; lastKnownFileType = sourcecode.swift; path = MockData.swift; sourceTree = "<group>"; };
		8CD247F224FA3AD5008ABCE5 /* Result.swift */ = {isa = PBXFileReference; fileEncoding = 4; lastKnownFileType = sourcecode.swift; path = Result.swift; sourceTree = "<group>"; };
		8CD247F424FA3AE7008ABCE5 /* ChapterView.swift */ = {isa = PBXFileReference; lastKnownFileType = sourcecode.swift; path = ChapterView.swift; sourceTree = "<group>"; };
		8CD247F624FA403E008ABCE5 /* ReadingViewModel.swift */ = {isa = PBXFileReference; lastKnownFileType = sourcecode.swift; path = ReadingViewModel.swift; sourceTree = "<group>"; };
		8CD247F924FA6AC5008ABCE5 /* NetworkLayer.swift */ = {isa = PBXFileReference; lastKnownFileType = sourcecode.swift; path = NetworkLayer.swift; sourceTree = "<group>"; };
		8CD247FD24FAB96E008ABCE5 /* BookChapterView.swift */ = {isa = PBXFileReference; lastKnownFileType = sourcecode.swift; path = BookChapterView.swift; sourceTree = "<group>"; };
		8CD247FF24FAE781008ABCE5 /* String+Extension.swift */ = {isa = PBXFileReference; fileEncoding = 4; lastKnownFileType = sourcecode.swift; path = "String+Extension.swift"; sourceTree = "<group>"; };
		8CD2480124FBEB41008ABCE5 /* ActionSheet+Extension.swift */ = {isa = PBXFileReference; lastKnownFileType = sourcecode.swift; path = "ActionSheet+Extension.swift"; sourceTree = "<group>"; };
		8CD2480324FBEBE9008ABCE5 /* Header.swift */ = {isa = PBXFileReference; lastKnownFileType = sourcecode.swift; path = Header.swift; sourceTree = "<group>"; };
		8CE164D22511DDE600EE0DE6 /* CDVers.swift */ = {isa = PBXFileReference; lastKnownFileType = sourcecode.swift; path = CDVers.swift; sourceTree = "<group>"; };
/* End PBXFileReference section */

/* Begin PBXFrameworksBuildPhase section */
		8CD2479524FA28DE008ABCE5 /* Frameworks */ = {
			isa = PBXFrameworksBuildPhase;
			buildActionMask = 2147483647;
			files = (
			);
			runOnlyForDeploymentPostprocessing = 0;
		};
		8CD247AB24FA28E0008ABCE5 /* Frameworks */ = {
			isa = PBXFrameworksBuildPhase;
			buildActionMask = 2147483647;
			files = (
			);
			runOnlyForDeploymentPostprocessing = 0;
		};
		8CD247B624FA28E0008ABCE5 /* Frameworks */ = {
			isa = PBXFrameworksBuildPhase;
			buildActionMask = 2147483647;
			files = (
			);
			runOnlyForDeploymentPostprocessing = 0;
		};
/* End PBXFrameworksBuildPhase section */

/* Begin PBXGroup section */
		8CD2478F24FA28DE008ABCE5 = {
			isa = PBXGroup;
			children = (
				8CD2479A24FA28DE008ABCE5 /* Szentiras */,
				8CD247B124FA28E0008ABCE5 /* SzentirasTests */,
				8CD247BC24FA28E1008ABCE5 /* SzentirasUITests */,
				8CD2479924FA28DE008ABCE5 /* Products */,
			);
			sourceTree = "<group>";
		};
		8CD2479924FA28DE008ABCE5 /* Products */ = {
			isa = PBXGroup;
			children = (
				8CD2479824FA28DE008ABCE5 /* Szentiras.app */,
				8CD247AE24FA28E0008ABCE5 /* SzentirasTests.xctest */,
				8CD247B924FA28E0008ABCE5 /* SzentirasUITests.xctest */,
			);
			name = Products;
			sourceTree = "<group>";
		};
		8CD2479A24FA28DE008ABCE5 /* Szentiras */ = {
			isa = PBXGroup;
			children = (
				8CD247E024FA2DC4008ABCE5 /* Fonts */,
				8CD247D924FA2B76008ABCE5 /* Constants */,
				8CD247DC24FA2B8F008ABCE5 /* Extensions */,
				8CD247F824FA6AAA008ABCE5 /* Services */,
				8CD247D624FA2B47008ABCE5 /* Model */,
				8CD247DF24FA2BC4008ABCE5 /* Commons */,
				8CD247D024FA2A66008ABCE5 /* Navigation */,
				8CD247EB24FA2E70008ABCE5 /* Store */,
				8CD247D324FA2AEE008ABCE5 /* ReadingView */,
				8CD247CD24FA2A2A008ABCE5 /* BookView */,
				8CD247CB24FA2A09008ABCE5 /* MainView.swift */,
				8CD2479F24FA28E0008ABCE5 /* Assets.xcassets */,
				8CD247A424FA28E0008ABCE5 /* Persistence.swift */,
				8CD2479B24FA28DE008ABCE5 /* SzentirasApp.swift */,
				8CD2479D24FA28DE008ABCE5 /* ContentView.swift */,
				8CD247A924FA28E0008ABCE5 /* Info.plist */,
				8CD247A624FA28E0008ABCE5 /* Szentiras.xcdatamodeld */,
				8CD247A124FA28E0008ABCE5 /* Preview Content */,
			);
			path = Szentiras;
			sourceTree = "<group>";
		};
		8CD247A124FA28E0008ABCE5 /* Preview Content */ = {
			isa = PBXGroup;
			children = (
				8CD247A224FA28E0008ABCE5 /* Preview Assets.xcassets */,
			);
			path = "Preview Content";
			sourceTree = "<group>";
		};
		8CD247B124FA28E0008ABCE5 /* SzentirasTests */ = {
			isa = PBXGroup;
			children = (
				8CD247B224FA28E0008ABCE5 /* SzentirasTests.swift */,
				8CD247B424FA28E0008ABCE5 /* Info.plist */,
			);
			path = SzentirasTests;
			sourceTree = "<group>";
		};
		8CD247BC24FA28E1008ABCE5 /* SzentirasUITests */ = {
			isa = PBXGroup;
			children = (
				8CD247BD24FA28E1008ABCE5 /* SzentirasUITests.swift */,
				8CD247BF24FA28E1008ABCE5 /* Info.plist */,
			);
			path = SzentirasUITests;
			sourceTree = "<group>";
		};
		8CD247CD24FA2A2A008ABCE5 /* BookView */ = {
			isa = PBXGroup;
			children = (
				8CD247EE24FA357F008ABCE5 /* IconButton.swift */,
				8CD247CE24FA2A4C008ABCE5 /* BookView.swift */,
				8CD247FD24FAB96E008ABCE5 /* BookChapterView.swift */,
			);
			path = BookView;
			sourceTree = "<group>";
		};
		8CD247D024FA2A66008ABCE5 /* Navigation */ = {
			isa = PBXGroup;
			children = (
				8CD247D124FA2A7B008ABCE5 /* AppTabView.swift */,
			);
			path = Navigation;
			sourceTree = "<group>";
		};
		8CD247D324FA2AEE008ABCE5 /* ReadingView */ = {
			isa = PBXGroup;
			children = (
				8CD247D424FA2AFF008ABCE5 /* ReadingView.swift */,
				8CD247F424FA3AE7008ABCE5 /* ChapterView.swift */,
				8CD247F624FA403E008ABCE5 /* ReadingViewModel.swift */,
			);
			path = ReadingView;
			sourceTree = "<group>";
		};
		8CD247D624FA2B47008ABCE5 /* Model */ = {
			isa = PBXGroup;
			children = (
				8CD247F224FA3AD5008ABCE5 /* Result.swift */,
				8C3634EB25108C9D00D4BF82 /* BooksResult.swift */,
				8CD247F024FA3AAD008ABCE5 /* MockData.swift */,
				8CD247D724FA2B65008ABCE5 /* Biblia.swift */,
				8C3634ED25108EC700D4BF82 /* Common.swift */,
				8C3634EF25109BB000D4BF82 /* CDBook.swift */,
				8CE164D22511DDE600EE0DE6 /* CDVers.swift */,
			);
			path = Model;
			sourceTree = "<group>";
		};
		8CD247D924FA2B76008ABCE5 /* Constants */ = {
			isa = PBXGroup;
			children = (
				8CD247DA24FA2B84008ABCE5 /* Constants.swift */,
			);
			path = Constants;
			sourceTree = "<group>";
		};
		8CD247DC24FA2B8F008ABCE5 /* Extensions */ = {
			isa = PBXGroup;
			children = (
				8CD247FF24FAE781008ABCE5 /* String+Extension.swift */,
				8CD247DD24FA2B9B008ABCE5 /* Color+Extension.swift */,
				8CD247E924FA2E14008ABCE5 /* Font+Extension.swift */,
				8CD2480124FBEB41008ABCE5 /* ActionSheet+Extension.swift */,
			);
			path = Extensions;
			sourceTree = "<group>";
		};
		8CD247DF24FA2BC4008ABCE5 /* Commons */ = {
			isa = PBXGroup;
			children = (
				8CD2480324FBEBE9008ABCE5 /* Header.swift */,
			);
			path = Commons;
			sourceTree = "<group>";
		};
		8CD247E024FA2DC4008ABCE5 /* Fonts */ = {
			isa = PBXGroup;
			children = (
				8CD247E124FA2DD0008ABCE5 /* FiraSans-Bold.ttf */,
				8CD247E324FA2DD0008ABCE5 /* FiraSans-Light.ttf */,
				8CD247E224FA2DD0008ABCE5 /* FiraSans-Medium.ttf */,
				8CD247E424FA2DD0008ABCE5 /* FiraSans-Regular.ttf */,
			);
			path = Fonts;
			sourceTree = "<group>";
		};
		8CD247EB24FA2E70008ABCE5 /* Store */ = {
			isa = PBXGroup;
			children = (
				8CD247EC24FA2E84008ABCE5 /* BibliaStore.swift */,
			);
			path = Store;
			sourceTree = "<group>";
		};
		8CD247F824FA6AAA008ABCE5 /* Services */ = {
			isa = PBXGroup;
			children = (
				8CD247F924FA6AC5008ABCE5 /* NetworkLayer.swift */,
				8C09C72E251492C400491697 /* UserDefaultsManager.swift */,
			);
			path = Services;
			sourceTree = "<group>";
		};
/* End PBXGroup section */

/* Begin PBXNativeTarget section */
		8CD2479724FA28DE008ABCE5 /* Szentiras */ = {
			isa = PBXNativeTarget;
			buildConfigurationList = 8CD247C224FA28E1008ABCE5 /* Build configuration list for PBXNativeTarget "Szentiras" */;
			buildPhases = (
				8CD2479424FA28DE008ABCE5 /* Sources */,
				8CD2479524FA28DE008ABCE5 /* Frameworks */,
				8CD2479624FA28DE008ABCE5 /* Resources */,
			);
			buildRules = (
			);
			dependencies = (
			);
			name = Szentiras;
			productName = Szentiras;
			productReference = 8CD2479824FA28DE008ABCE5 /* Szentiras.app */;
			productType = "com.apple.product-type.application";
		};
		8CD247AD24FA28E0008ABCE5 /* SzentirasTests */ = {
			isa = PBXNativeTarget;
			buildConfigurationList = 8CD247C524FA28E1008ABCE5 /* Build configuration list for PBXNativeTarget "SzentirasTests" */;
			buildPhases = (
				8CD247AA24FA28E0008ABCE5 /* Sources */,
				8CD247AB24FA28E0008ABCE5 /* Frameworks */,
				8CD247AC24FA28E0008ABCE5 /* Resources */,
			);
			buildRules = (
			);
			dependencies = (
				8CD247B024FA28E0008ABCE5 /* PBXTargetDependency */,
			);
			name = SzentirasTests;
			productName = SzentirasTests;
			productReference = 8CD247AE24FA28E0008ABCE5 /* SzentirasTests.xctest */;
			productType = "com.apple.product-type.bundle.unit-test";
		};
		8CD247B824FA28E0008ABCE5 /* SzentirasUITests */ = {
			isa = PBXNativeTarget;
			buildConfigurationList = 8CD247C824FA28E1008ABCE5 /* Build configuration list for PBXNativeTarget "SzentirasUITests" */;
			buildPhases = (
				8CD247B524FA28E0008ABCE5 /* Sources */,
				8CD247B624FA28E0008ABCE5 /* Frameworks */,
				8CD247B724FA28E0008ABCE5 /* Resources */,
			);
			buildRules = (
			);
			dependencies = (
				8CD247BB24FA28E1008ABCE5 /* PBXTargetDependency */,
			);
			name = SzentirasUITests;
			productName = SzentirasUITests;
			productReference = 8CD247B924FA28E0008ABCE5 /* SzentirasUITests.xctest */;
			productType = "com.apple.product-type.bundle.ui-testing";
		};
/* End PBXNativeTarget section */

/* Begin PBXProject section */
		8CD2479024FA28DE008ABCE5 /* Project object */ = {
			isa = PBXProject;
			attributes = {
				LastSwiftUpdateCheck = 1200;
				LastUpgradeCheck = 1200;
				TargetAttributes = {
					8CD2479724FA28DE008ABCE5 = {
						CreatedOnToolsVersion = 12.0;
					};
					8CD247AD24FA28E0008ABCE5 = {
						CreatedOnToolsVersion = 12.0;
						TestTargetID = 8CD2479724FA28DE008ABCE5;
					};
					8CD247B824FA28E0008ABCE5 = {
						CreatedOnToolsVersion = 12.0;
						TestTargetID = 8CD2479724FA28DE008ABCE5;
					};
				};
			};
			buildConfigurationList = 8CD2479324FA28DE008ABCE5 /* Build configuration list for PBXProject "Szentiras" */;
			compatibilityVersion = "Xcode 9.3";
			developmentRegion = en;
			hasScannedForEncodings = 0;
			knownRegions = (
				en,
				Base,
			);
			mainGroup = 8CD2478F24FA28DE008ABCE5;
			productRefGroup = 8CD2479924FA28DE008ABCE5 /* Products */;
			projectDirPath = "";
			projectRoot = "";
			targets = (
				8CD2479724FA28DE008ABCE5 /* Szentiras */,
				8CD247AD24FA28E0008ABCE5 /* SzentirasTests */,
				8CD247B824FA28E0008ABCE5 /* SzentirasUITests */,
			);
		};
/* End PBXProject section */

/* Begin PBXResourcesBuildPhase section */
		8CD2479624FA28DE008ABCE5 /* Resources */ = {
			isa = PBXResourcesBuildPhase;
			buildActionMask = 2147483647;
			files = (
				8CD247E624FA2DD0008ABCE5 /* FiraSans-Medium.ttf in Resources */,
				8CD247E524FA2DD0008ABCE5 /* FiraSans-Bold.ttf in Resources */,
				8CD247E824FA2DD0008ABCE5 /* FiraSans-Regular.ttf in Resources */,
				8CD247A324FA28E0008ABCE5 /* Preview Assets.xcassets in Resources */,
				8CD247E724FA2DD0008ABCE5 /* FiraSans-Light.ttf in Resources */,
				8CD247A024FA28E0008ABCE5 /* Assets.xcassets in Resources */,
			);
			runOnlyForDeploymentPostprocessing = 0;
		};
		8CD247AC24FA28E0008ABCE5 /* Resources */ = {
			isa = PBXResourcesBuildPhase;
			buildActionMask = 2147483647;
			files = (
			);
			runOnlyForDeploymentPostprocessing = 0;
		};
		8CD247B724FA28E0008ABCE5 /* Resources */ = {
			isa = PBXResourcesBuildPhase;
			buildActionMask = 2147483647;
			files = (
			);
			runOnlyForDeploymentPostprocessing = 0;
		};
/* End PBXResourcesBuildPhase section */

/* Begin PBXSourcesBuildPhase section */
		8CD2479424FA28DE008ABCE5 /* Sources */ = {
			isa = PBXSourcesBuildPhase;
			buildActionMask = 2147483647;
			files = (
				8CD247A524FA28E0008ABCE5 /* Persistence.swift in Sources */,
				8C3634EE25108EC700D4BF82 /* Common.swift in Sources */,
				8CD247FE24FAB96E008ABCE5 /* BookChapterView.swift in Sources */,
				8CD247D524FA2AFF008ABCE5 /* ReadingView.swift in Sources */,
				8CD247FA24FA6AC6008ABCE5 /* NetworkLayer.swift in Sources */,
				8CD247EF24FA357F008ABCE5 /* IconButton.swift in Sources */,
				8CD247ED24FA2E84008ABCE5 /* BibliaStore.swift in Sources */,
				8CD247F124FA3AAE008ABCE5 /* MockData.swift in Sources */,
				8CD247EA24FA2E14008ABCE5 /* Font+Extension.swift in Sources */,
				8CD247F324FA3AD5008ABCE5 /* Result.swift in Sources */,
				8CD247A824FA28E0008ABCE5 /* Szentiras.xcdatamodeld in Sources */,
				8CD247F524FA3AE7008ABCE5 /* ChapterView.swift in Sources */,
				8CE164D32511DDE600EE0DE6 /* CDVers.swift in Sources */,
				8CD2480024FAE782008ABCE5 /* String+Extension.swift in Sources */,
				8CD2479E24FA28DE008ABCE5 /* ContentView.swift in Sources */,
				8CD247CF24FA2A4C008ABCE5 /* BookView.swift in Sources */,
				8C3634F025109BB000D4BF82 /* CDBook.swift in Sources */,
				8CD247DB24FA2B84008ABCE5 /* Constants.swift in Sources */,
				8CD2480424FBEBE9008ABCE5 /* Header.swift in Sources */,
				8CD247D824FA2B65008ABCE5 /* Biblia.swift in Sources */,
				8CD247D224FA2A7B008ABCE5 /* AppTabView.swift in Sources */,
				8CD247CC24FA2A09008ABCE5 /* MainView.swift in Sources */,
				8C09C72F251492C400491697 /* UserDefaultsManager.swift in Sources */,
				8CD247DE24FA2B9B008ABCE5 /* Color+Extension.swift in Sources */,
				8CD2479C24FA28DE008ABCE5 /* SzentirasApp.swift in Sources */,
				8CD2480224FBEB41008ABCE5 /* ActionSheet+Extension.swift in Sources */,
				8C3634EC25108C9D00D4BF82 /* BooksResult.swift in Sources */,
				8CD247F724FA403E008ABCE5 /* ReadingViewModel.swift in Sources */,
			);
			runOnlyForDeploymentPostprocessing = 0;
		};
		8CD247AA24FA28E0008ABCE5 /* Sources */ = {
			isa = PBXSourcesBuildPhase;
			buildActionMask = 2147483647;
			files = (
				8CD247B324FA28E0008ABCE5 /* SzentirasTests.swift in Sources */,
			);
			runOnlyForDeploymentPostprocessing = 0;
		};
		8CD247B524FA28E0008ABCE5 /* Sources */ = {
			isa = PBXSourcesBuildPhase;
			buildActionMask = 2147483647;
			files = (
				8CD247BE24FA28E1008ABCE5 /* SzentirasUITests.swift in Sources */,
			);
			runOnlyForDeploymentPostprocessing = 0;
		};
/* End PBXSourcesBuildPhase section */

/* Begin PBXTargetDependency section */
		8CD247B024FA28E0008ABCE5 /* PBXTargetDependency */ = {
			isa = PBXTargetDependency;
			target = 8CD2479724FA28DE008ABCE5 /* Szentiras */;
			targetProxy = 8CD247AF24FA28E0008ABCE5 /* PBXContainerItemProxy */;
		};
		8CD247BB24FA28E1008ABCE5 /* PBXTargetDependency */ = {
			isa = PBXTargetDependency;
			target = 8CD2479724FA28DE008ABCE5 /* Szentiras */;
			targetProxy = 8CD247BA24FA28E1008ABCE5 /* PBXContainerItemProxy */;
		};
/* End PBXTargetDependency section */

/* Begin XCBuildConfiguration section */
		8CD247C024FA28E1008ABCE5 /* Debug */ = {
			isa = XCBuildConfiguration;
			buildSettings = {
				ALWAYS_SEARCH_USER_PATHS = NO;
				CLANG_ANALYZER_NONNULL = YES;
				CLANG_ANALYZER_NUMBER_OBJECT_CONVERSION = YES_AGGRESSIVE;
				CLANG_CXX_LANGUAGE_STANDARD = "gnu++14";
				CLANG_CXX_LIBRARY = "libc++";
				CLANG_ENABLE_MODULES = YES;
				CLANG_ENABLE_OBJC_ARC = YES;
				CLANG_ENABLE_OBJC_WEAK = YES;
				CLANG_WARN_BLOCK_CAPTURE_AUTORELEASING = YES;
				CLANG_WARN_BOOL_CONVERSION = YES;
				CLANG_WARN_COMMA = YES;
				CLANG_WARN_CONSTANT_CONVERSION = YES;
				CLANG_WARN_DEPRECATED_OBJC_IMPLEMENTATIONS = YES;
				CLANG_WARN_DIRECT_OBJC_ISA_USAGE = YES_ERROR;
				CLANG_WARN_DOCUMENTATION_COMMENTS = YES;
				CLANG_WARN_EMPTY_BODY = YES;
				CLANG_WARN_ENUM_CONVERSION = YES;
				CLANG_WARN_INFINITE_RECURSION = YES;
				CLANG_WARN_INT_CONVERSION = YES;
				CLANG_WARN_NON_LITERAL_NULL_CONVERSION = YES;
				CLANG_WARN_OBJC_IMPLICIT_RETAIN_SELF = YES;
				CLANG_WARN_OBJC_LITERAL_CONVERSION = YES;
				CLANG_WARN_OBJC_ROOT_CLASS = YES_ERROR;
				CLANG_WARN_QUOTED_INCLUDE_IN_FRAMEWORK_HEADER = YES;
				CLANG_WARN_RANGE_LOOP_ANALYSIS = YES;
				CLANG_WARN_STRICT_PROTOTYPES = YES;
				CLANG_WARN_SUSPICIOUS_MOVE = YES;
				CLANG_WARN_UNGUARDED_AVAILABILITY = YES_AGGRESSIVE;
				CLANG_WARN_UNREACHABLE_CODE = YES;
				CLANG_WARN__DUPLICATE_METHOD_MATCH = YES;
				COPY_PHASE_STRIP = NO;
				DEBUG_INFORMATION_FORMAT = dwarf;
				ENABLE_STRICT_OBJC_MSGSEND = YES;
				ENABLE_TESTABILITY = YES;
				GCC_C_LANGUAGE_STANDARD = gnu11;
				GCC_DYNAMIC_NO_PIC = NO;
				GCC_NO_COMMON_BLOCKS = YES;
				GCC_OPTIMIZATION_LEVEL = 0;
				GCC_PREPROCESSOR_DEFINITIONS = (
					"DEBUG=1",
					"$(inherited)",
				);
				GCC_WARN_64_TO_32_BIT_CONVERSION = YES;
				GCC_WARN_ABOUT_RETURN_TYPE = YES_ERROR;
				GCC_WARN_UNDECLARED_SELECTOR = YES;
				GCC_WARN_UNINITIALIZED_AUTOS = YES_AGGRESSIVE;
				GCC_WARN_UNUSED_FUNCTION = YES;
				GCC_WARN_UNUSED_VARIABLE = YES;
				IPHONEOS_DEPLOYMENT_TARGET = 14.0;
				MTL_ENABLE_DEBUG_INFO = INCLUDE_SOURCE;
				MTL_FAST_MATH = YES;
				ONLY_ACTIVE_ARCH = YES;
				SDKROOT = iphoneos;
				SWIFT_ACTIVE_COMPILATION_CONDITIONS = DEBUG;
				SWIFT_OPTIMIZATION_LEVEL = "-Onone";
			};
			name = Debug;
		};
		8CD247C124FA28E1008ABCE5 /* Release */ = {
			isa = XCBuildConfiguration;
			buildSettings = {
				ALWAYS_SEARCH_USER_PATHS = NO;
				CLANG_ANALYZER_NONNULL = YES;
				CLANG_ANALYZER_NUMBER_OBJECT_CONVERSION = YES_AGGRESSIVE;
				CLANG_CXX_LANGUAGE_STANDARD = "gnu++14";
				CLANG_CXX_LIBRARY = "libc++";
				CLANG_ENABLE_MODULES = YES;
				CLANG_ENABLE_OBJC_ARC = YES;
				CLANG_ENABLE_OBJC_WEAK = YES;
				CLANG_WARN_BLOCK_CAPTURE_AUTORELEASING = YES;
				CLANG_WARN_BOOL_CONVERSION = YES;
				CLANG_WARN_COMMA = YES;
				CLANG_WARN_CONSTANT_CONVERSION = YES;
				CLANG_WARN_DEPRECATED_OBJC_IMPLEMENTATIONS = YES;
				CLANG_WARN_DIRECT_OBJC_ISA_USAGE = YES_ERROR;
				CLANG_WARN_DOCUMENTATION_COMMENTS = YES;
				CLANG_WARN_EMPTY_BODY = YES;
				CLANG_WARN_ENUM_CONVERSION = YES;
				CLANG_WARN_INFINITE_RECURSION = YES;
				CLANG_WARN_INT_CONVERSION = YES;
				CLANG_WARN_NON_LITERAL_NULL_CONVERSION = YES;
				CLANG_WARN_OBJC_IMPLICIT_RETAIN_SELF = YES;
				CLANG_WARN_OBJC_LITERAL_CONVERSION = YES;
				CLANG_WARN_OBJC_ROOT_CLASS = YES_ERROR;
				CLANG_WARN_QUOTED_INCLUDE_IN_FRAMEWORK_HEADER = YES;
				CLANG_WARN_RANGE_LOOP_ANALYSIS = YES;
				CLANG_WARN_STRICT_PROTOTYPES = YES;
				CLANG_WARN_SUSPICIOUS_MOVE = YES;
				CLANG_WARN_UNGUARDED_AVAILABILITY = YES_AGGRESSIVE;
				CLANG_WARN_UNREACHABLE_CODE = YES;
				CLANG_WARN__DUPLICATE_METHOD_MATCH = YES;
				COPY_PHASE_STRIP = NO;
				DEBUG_INFORMATION_FORMAT = "dwarf-with-dsym";
				ENABLE_NS_ASSERTIONS = NO;
				ENABLE_STRICT_OBJC_MSGSEND = YES;
				GCC_C_LANGUAGE_STANDARD = gnu11;
				GCC_NO_COMMON_BLOCKS = YES;
				GCC_WARN_64_TO_32_BIT_CONVERSION = YES;
				GCC_WARN_ABOUT_RETURN_TYPE = YES_ERROR;
				GCC_WARN_UNDECLARED_SELECTOR = YES;
				GCC_WARN_UNINITIALIZED_AUTOS = YES_AGGRESSIVE;
				GCC_WARN_UNUSED_FUNCTION = YES;
				GCC_WARN_UNUSED_VARIABLE = YES;
				IPHONEOS_DEPLOYMENT_TARGET = 14.0;
				MTL_ENABLE_DEBUG_INFO = NO;
				MTL_FAST_MATH = YES;
				SDKROOT = iphoneos;
				SWIFT_COMPILATION_MODE = wholemodule;
				SWIFT_OPTIMIZATION_LEVEL = "-O";
				VALIDATE_PRODUCT = YES;
			};
			name = Release;
		};
		8CD247C324FA28E1008ABCE5 /* Debug */ = {
			isa = XCBuildConfiguration;
			buildSettings = {
				ASSETCATALOG_COMPILER_APPICON_NAME = AppIcon;
				ASSETCATALOG_COMPILER_GLOBAL_ACCENT_COLOR_NAME = AccentColor;
				CODE_SIGN_STYLE = Automatic;
				DEVELOPMENT_ASSET_PATHS = "\"Szentiras/Preview Content\"";
				DEVELOPMENT_TEAM = 8YE8M3UNR3;
				ENABLE_PREVIEWS = YES;
				INFOPLIST_FILE = Szentiras/Info.plist;
				IPHONEOS_DEPLOYMENT_TARGET = 14.0;
				LD_RUNPATH_SEARCH_PATHS = (
					"$(inherited)",
					"@executable_path/Frameworks",
				);
				PRODUCT_BUNDLE_IDENTIFIER = com.sornyei.Szentiras;
				PRODUCT_NAME = "$(TARGET_NAME)";
				SWIFT_VERSION = 5.0;
				TARGETED_DEVICE_FAMILY = "1,2";
			};
			name = Debug;
		};
		8CD247C424FA28E1008ABCE5 /* Release */ = {
			isa = XCBuildConfiguration;
			buildSettings = {
				ASSETCATALOG_COMPILER_APPICON_NAME = AppIcon;
				ASSETCATALOG_COMPILER_GLOBAL_ACCENT_COLOR_NAME = AccentColor;
				CODE_SIGN_STYLE = Automatic;
				DEVELOPMENT_ASSET_PATHS = "\"Szentiras/Preview Content\"";
				DEVELOPMENT_TEAM = 8YE8M3UNR3;
				ENABLE_PREVIEWS = YES;
				INFOPLIST_FILE = Szentiras/Info.plist;
				IPHONEOS_DEPLOYMENT_TARGET = 14.0;
				LD_RUNPATH_SEARCH_PATHS = (
					"$(inherited)",
					"@executable_path/Frameworks",
				);
				PRODUCT_BUNDLE_IDENTIFIER = com.sornyei.Szentiras;
				PRODUCT_NAME = "$(TARGET_NAME)";
				SWIFT_VERSION = 5.0;
				TARGETED_DEVICE_FAMILY = "1,2";
			};
			name = Release;
		};
		8CD247C624FA28E1008ABCE5 /* Debug */ = {
			isa = XCBuildConfiguration;
			buildSettings = {
				ALWAYS_EMBED_SWIFT_STANDARD_LIBRARIES = YES;
				BUNDLE_LOADER = "$(TEST_HOST)";
				CODE_SIGN_STYLE = Automatic;
				DEVELOPMENT_TEAM = 8YE8M3UNR3;
				INFOPLIST_FILE = SzentirasTests/Info.plist;
				IPHONEOS_DEPLOYMENT_TARGET = 14.0;
				LD_RUNPATH_SEARCH_PATHS = (
					"$(inherited)",
					"@executable_path/Frameworks",
					"@loader_path/Frameworks",
				);
				PRODUCT_BUNDLE_IDENTIFIER = com.sornyei.SzentirasTests;
				PRODUCT_NAME = "$(TARGET_NAME)";
				SWIFT_VERSION = 5.0;
				TARGETED_DEVICE_FAMILY = "1,2";
				TEST_HOST = "$(BUILT_PRODUCTS_DIR)/Szentiras.app/Szentiras";
			};
			name = Debug;
		};
		8CD247C724FA28E1008ABCE5 /* Release */ = {
			isa = XCBuildConfiguration;
			buildSettings = {
				ALWAYS_EMBED_SWIFT_STANDARD_LIBRARIES = YES;
				BUNDLE_LOADER = "$(TEST_HOST)";
				CODE_SIGN_STYLE = Automatic;
				DEVELOPMENT_TEAM = 8YE8M3UNR3;
				INFOPLIST_FILE = SzentirasTests/Info.plist;
				IPHONEOS_DEPLOYMENT_TARGET = 14.0;
				LD_RUNPATH_SEARCH_PATHS = (
					"$(inherited)",
					"@executable_path/Frameworks",
					"@loader_path/Frameworks",
				);
				PRODUCT_BUNDLE_IDENTIFIER = com.sornyei.SzentirasTests;
				PRODUCT_NAME = "$(TARGET_NAME)";
				SWIFT_VERSION = 5.0;
				TARGETED_DEVICE_FAMILY = "1,2";
				TEST_HOST = "$(BUILT_PRODUCTS_DIR)/Szentiras.app/Szentiras";
			};
			name = Release;
		};
		8CD247C924FA28E1008ABCE5 /* Debug */ = {
			isa = XCBuildConfiguration;
			buildSettings = {
				ALWAYS_EMBED_SWIFT_STANDARD_LIBRARIES = YES;
				CODE_SIGN_STYLE = Automatic;
				DEVELOPMENT_TEAM = 8YE8M3UNR3;
				INFOPLIST_FILE = SzentirasUITests/Info.plist;
				LD_RUNPATH_SEARCH_PATHS = (
					"$(inherited)",
					"@executable_path/Frameworks",
					"@loader_path/Frameworks",
				);
				PRODUCT_BUNDLE_IDENTIFIER = com.sornyei.SzentirasUITests;
				PRODUCT_NAME = "$(TARGET_NAME)";
				SWIFT_VERSION = 5.0;
				TARGETED_DEVICE_FAMILY = "1,2";
				TEST_TARGET_NAME = Szentiras;
			};
			name = Debug;
		};
		8CD247CA24FA28E1008ABCE5 /* Release */ = {
			isa = XCBuildConfiguration;
			buildSettings = {
				ALWAYS_EMBED_SWIFT_STANDARD_LIBRARIES = YES;
				CODE_SIGN_STYLE = Automatic;
				DEVELOPMENT_TEAM = 8YE8M3UNR3;
				INFOPLIST_FILE = SzentirasUITests/Info.plist;
				LD_RUNPATH_SEARCH_PATHS = (
					"$(inherited)",
					"@executable_path/Frameworks",
					"@loader_path/Frameworks",
				);
				PRODUCT_BUNDLE_IDENTIFIER = com.sornyei.SzentirasUITests;
				PRODUCT_NAME = "$(TARGET_NAME)";
				SWIFT_VERSION = 5.0;
				TARGETED_DEVICE_FAMILY = "1,2";
				TEST_TARGET_NAME = Szentiras;
			};
			name = Release;
		};
/* End XCBuildConfiguration section */

/* Begin XCConfigurationList section */
		8CD2479324FA28DE008ABCE5 /* Build configuration list for PBXProject "Szentiras" */ = {
			isa = XCConfigurationList;
			buildConfigurations = (
				8CD247C024FA28E1008ABCE5 /* Debug */,
				8CD247C124FA28E1008ABCE5 /* Release */,
			);
			defaultConfigurationIsVisible = 0;
			defaultConfigurationName = Release;
		};
		8CD247C224FA28E1008ABCE5 /* Build configuration list for PBXNativeTarget "Szentiras" */ = {
			isa = XCConfigurationList;
			buildConfigurations = (
				8CD247C324FA28E1008ABCE5 /* Debug */,
				8CD247C424FA28E1008ABCE5 /* Release */,
			);
			defaultConfigurationIsVisible = 0;
			defaultConfigurationName = Release;
		};
		8CD247C524FA28E1008ABCE5 /* Build configuration list for PBXNativeTarget "SzentirasTests" */ = {
			isa = XCConfigurationList;
			buildConfigurations = (
				8CD247C624FA28E1008ABCE5 /* Debug */,
				8CD247C724FA28E1008ABCE5 /* Release */,
			);
			defaultConfigurationIsVisible = 0;
			defaultConfigurationName = Release;
		};
		8CD247C824FA28E1008ABCE5 /* Build configuration list for PBXNativeTarget "SzentirasUITests" */ = {
			isa = XCConfigurationList;
			buildConfigurations = (
				8CD247C924FA28E1008ABCE5 /* Debug */,
				8CD247CA24FA28E1008ABCE5 /* Release */,
			);
			defaultConfigurationIsVisible = 0;
			defaultConfigurationName = Release;
		};
/* End XCConfigurationList section */

/* Begin XCVersionGroup section */
		8CD247A624FA28E0008ABCE5 /* Szentiras.xcdatamodeld */ = {
			isa = XCVersionGroup;
			children = (
				8CD247A724FA28E0008ABCE5 /* Szentiras.xcdatamodel */,
			);
			currentVersion = 8CD247A724FA28E0008ABCE5 /* Szentiras.xcdatamodel */;
			path = Szentiras.xcdatamodeld;
			sourceTree = "<group>";
			versionGroupType = wrapper.xcdatamodel;
		};
/* End XCVersionGroup section */
	};
	rootObject = 8CD2479024FA28DE008ABCE5 /* Project object */;
}
